
Microsoft Visual Studio Solution File, Format Version 12.00
# Visual Studio Version 17
VisualStudioVersion = 17.5.33424.131
MinimumVisualStudioVersion = 10.0.40219.1
Project("{FAE04EC0-301F-11D3-BF4B-00C04F79EFBC}") = "TableTick", "TableTick.csproj", "{271C155A-67AF-44B0-8EB0-9D17074D5861}"
EndProject
Global
	GlobalSection(SolutionConfigurationPlatforms) = preSolution
		Debug|Any CPU = Debug|Any CPU
		Release|Any CPU = Release|Any CPU
	EndGlobalSection
	GlobalSection(ProjectConfigurationPlatforms) = postSolution
		{271C155A-67AF-44B0-8EB0-9D17074D5861}.Debug|Any CPU.ActiveCfg = Debug|Any CPU
		{271C155A-67AF-44B0-8EB0-9D17074D5861}.Debug|Any CPU.Build.0 = Debug|Any CPU
		{271C155A-67AF-44B0-8EB0-9D17074D5861}.Release|Any CPU.ActiveCfg = Release|Any CPU
		{271C155A-67AF-44B0-8EB0-9D17074D5861}.Release|Any CPU.Build.0 = Release|Any CPU
	EndGlobalSection
	GlobalSection(SolutionProperties) = preSolution
		HideSolutionNode = FALSE
	EndGlobalSection
	GlobalSection(ExtensibilityGlobals) = postSolution
		SolutionGuid = {A967919C-2D05-4D18-BEA4-C0E3C0A9460B}
	EndGlobalSection
EndGlobal
